
Microsoft Visual Studio Solution File, Format Version 12.00
# Visual Studio 15
VisualStudioVersion = 15.0.28307.489
MinimumVisualStudioVersion = 10.0.40219.1
Project("{FAE04EC0-301F-11D3-BF4B-00C04F79EFBC}") = "TestAutomationWeb", "TestAutomationWeb.csproj", "{065E8E86-BB7E-4646-9653-ED77EE59518E}"
EndProject
Global
	GlobalSection(SolutionConfigurationPlatforms) = preSolution
		Debug|Any CPU = Debug|Any CPU
		Release|Any CPU = Release|Any CPU
	EndGlobalSection
	GlobalSection(ProjectConfigurationPlatforms) = postSolution
		{065E8E86-BB7E-4646-9653-ED77EE59518E}.Debug|Any CPU.ActiveCfg = Debug|Any CPU
		{065E8E86-BB7E-4646-9653-ED77EE59518E}.Debug|Any CPU.Build.0 = Debug|Any CPU
		{065E8E86-BB7E-4646-9653-ED77EE59518E}.Release|Any CPU.ActiveCfg = Release|Any CPU
		{065E8E86-BB7E-4646-9653-ED77EE59518E}.Release|Any CPU.Build.0 = Release|Any CPU
	EndGlobalSection
	GlobalSection(SolutionProperties) = preSolution
		HideSolutionNode = FALSE
	EndGlobalSection
	GlobalSection(ExtensibilityGlobals) = postSolution
		SolutionGuid = {85137955-7998-47FD-97E2-D56898F0E986}
	EndGlobalSection
EndGlobal
